
Microsoft Visual Studio Solution File, Format Version 11.00
# Visual Studio 2010
Project("{FAE04EC0-301F-11D3-BF4B-00C04F79EFBC}") = "Dead March", "Concept 1\Concept 1\Dead March.csproj", "{232D7D62-DDD6-456D-A8A1-DAA3E9E8F35C}"
EndProject
Project("{FAE04EC0-301F-11D3-BF4B-00C04F79EFBC}") = "Content", "Concept 1\Concept 1Content\Content.contentproj", "{14EEA320-FB62-4E0A-AB53-64B68F4DA147}"
EndProject
Global
	GlobalSection(SolutionConfigurationPlatforms) = preSolution
		Debug|x86 = Debug|x86
		Release|x86 = Release|x86
	EndGlobalSection
	GlobalSection(ProjectConfigurationPlatforms) = postSolution
		{232D7D62-DDD6-456D-A8A1-DAA3E9E8F35C}.Debug|x86.ActiveCfg = Debug|x86
		{232D7D62-DDD6-456D-A8A1-DAA3E9E8F35C}.Debug|x86.Build.0 = Debug|x86
		{232D7D62-DDD6-456D-A8A1-DAA3E9E8F35C}.Release|x86.ActiveCfg = Release|x86
		{232D7D62-DDD6-456D-A8A1-DAA3E9E8F35C}.Release|x86.Build.0 = Release|x86
		{14EEA320-FB62-4E0A-AB53-64B68F4DA147}.Debug|x86.ActiveCfg = Debug|x86
		{14EEA320-FB62-4E0A-AB53-64B68F4DA147}.Release|x86.ActiveCfg = Release|x86
	EndGlobalSection
	GlobalSection(SolutionProperties) = preSolution
		HideSolutionNode = FALSE
	EndGlobalSection
EndGlobal
